
Microsoft Visual Studio Solution File, Format Version 12.00
# Visual Studio 2013
VisualStudioVersion = 12.0.21005.1
MinimumVisualStudioVersion = 10.0.40219.1
Project("{8BC9CEB8-8B4A-11D0-8D11-00A0C91BC942}") = "6_28 搭积木", "6_28 搭积木\6_28 搭积木.vcxproj", "{283BF64A-50A4-4FDD-BD40-CB79CF556992}"
EndProject
Global
	GlobalSection(SolutionConfigurationPlatforms) = preSolution
		Debug|Win32 = Debug|Win32
		Release|Win32 = Release|Win32
	EndGlobalSection
	GlobalSection(ProjectConfigurationPlatforms) = postSolution
		{283BF64A-50A4-4FDD-BD40-CB79CF556992}.Debug|Win32.ActiveCfg = Debug|Win32
		{283BF64A-50A4-4FDD-BD40-CB79CF556992}.Debug|Win32.Build.0 = Debug|Win32
		{283BF64A-50A4-4FDD-BD40-CB79CF556992}.Release|Win32.ActiveCfg = Release|Win32
		{283BF64A-50A4-4FDD-BD40-CB79CF556992}.Release|Win32.Build.0 = Release|Win32
	EndGlobalSection
	GlobalSection(SolutionProperties) = preSolution
		HideSolutionNode = FALSE
	EndGlobalSection
EndGlobal
