
Microsoft Visual Studio Solution File, Format Version 12.00
# Visual Studio 2013
VisualStudioVersion = 12.0.21005.1
MinimumVisualStudioVersion = 10.0.40219.1
Project("{8BC9CEB8-8B4A-11D0-8D11-00A0C91BC942}") = "8_5 怪数", "8_5 怪数\8_5 怪数.vcxproj", "{6D18D8E7-7598-48D5-9351-D3AF35A4F18B}"
EndProject
Global
	GlobalSection(SolutionConfigurationPlatforms) = preSolution
		Debug|Win32 = Debug|Win32
		Release|Win32 = Release|Win32
	EndGlobalSection
	GlobalSection(ProjectConfigurationPlatforms) = postSolution
		{6D18D8E7-7598-48D5-9351-D3AF35A4F18B}.Debug|Win32.ActiveCfg = Debug|Win32
		{6D18D8E7-7598-48D5-9351-D3AF35A4F18B}.Debug|Win32.Build.0 = Debug|Win32
		{6D18D8E7-7598-48D5-9351-D3AF35A4F18B}.Release|Win32.ActiveCfg = Release|Win32
		{6D18D8E7-7598-48D5-9351-D3AF35A4F18B}.Release|Win32.Build.0 = Release|Win32
	EndGlobalSection
	GlobalSection(SolutionProperties) = preSolution
		HideSolutionNode = FALSE
	EndGlobalSection
EndGlobal
