
Microsoft Visual Studio Solution File, Format Version 12.00
# Visual Studio 2013
VisualStudioVersion = 12.0.21005.1
MinimumVisualStudioVersion = 10.0.40219.1
Project("{8BC9CEB8-8B4A-11D0-8D11-00A0C91BC942}") = "1_5StrlenProtice.c", "1_5StrlenProtice.c\1_5StrlenProtice.c.vcxproj", "{8E5FDCE7-1242-4BDF-A53E-19CFA3B5DCFE}"
EndProject
Global
	GlobalSection(SolutionConfigurationPlatforms) = preSolution
		Debug|Win32 = Debug|Win32
		Release|Win32 = Release|Win32
	EndGlobalSection
	GlobalSection(ProjectConfigurationPlatforms) = postSolution
		{8E5FDCE7-1242-4BDF-A53E-19CFA3B5DCFE}.Debug|Win32.ActiveCfg = Debug|Win32
		{8E5FDCE7-1242-4BDF-A53E-19CFA3B5DCFE}.Debug|Win32.Build.0 = Debug|Win32
		{8E5FDCE7-1242-4BDF-A53E-19CFA3B5DCFE}.Release|Win32.ActiveCfg = Release|Win32
		{8E5FDCE7-1242-4BDF-A53E-19CFA3B5DCFE}.Release|Win32.Build.0 = Release|Win32
	EndGlobalSection
	GlobalSection(SolutionProperties) = preSolution
		HideSolutionNode = FALSE
	EndGlobalSection
EndGlobal
