
Microsoft Visual Studio Solution File, Format Version 12.00
# Visual Studio 2013
VisualStudioVersion = 12.0.21005.1
MinimumVisualStudioVersion = 10.0.40219.1
Project("{8BC9CEB8-8B4A-11D0-8D11-00A0C91BC942}") = "8_25 C语言实现多态", "8_25 C语言实现多态\8_25 C语言实现多态.vcxproj", "{ED71AA1A-31A3-47AA-80D2-F34B971903D1}"
EndProject
Global
	GlobalSection(SolutionConfigurationPlatforms) = preSolution
		Debug|Win32 = Debug|Win32
		Release|Win32 = Release|Win32
	EndGlobalSection
	GlobalSection(ProjectConfigurationPlatforms) = postSolution
		{ED71AA1A-31A3-47AA-80D2-F34B971903D1}.Debug|Win32.ActiveCfg = Debug|Win32
		{ED71AA1A-31A3-47AA-80D2-F34B971903D1}.Debug|Win32.Build.0 = Debug|Win32
		{ED71AA1A-31A3-47AA-80D2-F34B971903D1}.Release|Win32.ActiveCfg = Release|Win32
		{ED71AA1A-31A3-47AA-80D2-F34B971903D1}.Release|Win32.Build.0 = Release|Win32
	EndGlobalSection
	GlobalSection(SolutionProperties) = preSolution
		HideSolutionNode = FALSE
	EndGlobalSection
EndGlobal
